<?xml version="1.0" encoding="utf-8"?>
<Project ToolsVersion="4.0" xmlns="http://schemas.microsoft.com/developer/msbuild/2003">
  <ItemGroup>
    <Filter Include="Source Files">
      <UniqueIdentifier>{4FC737F1-C7A5-4376-A066-2A32D752A2FF}</UniqueIdentifier>
      <Extensions>cpp;c;cc;cxx;c++;cppm;ixx;def;odl;idl;hpj;bat;asm;asmx</Extensions>
    </Filter>
    <Filter Include="Header Files">
      <UniqueIdentifier>{93995380-89BD-4b04-88EB-625FBE52EBFB}</UniqueIdentifier>
      <Extensions>h;hh;hpp;hxx;h++;hm;inl;inc;ipp;xsd</Extensions>
    </Filter>
    <Filter Include="Resource Files">
      <UniqueIdentifier>{67DA6AB6-F800-4c08-8B7A-83BB121AAD01}</UniqueIdentifier>
      <Extensions>rc;ico;cur;bmp;dlg;rc2;rct;bin;rgs;gif;jpg;jpeg;jpe;resx;tiff;tif;png;wav;mfcribbon-ms</Extensions>
    </Filter>
  </ItemGroup>
  <ItemGroup>
    <ClCompile Include="Main.cpp">
      <Filter>Source Files</Filter>
    </ClCompile>
    <ClCompile Include="ContenedorSucursal.cpp">
      <Filter>Source Files</Filter>
    </ClCompile>
    <ClCompile Include="Sucursal.cpp">
      <Filter>Source Files</Filter>
    </ClCompile>
    <ClCompile Include="Carro.cpp">
      <Filter>Source Files</Filter>
    </ClCompile>
    <ClCompile Include="Cliente.cpp">
      <Filter>Source Files</Filter>
    </ClCompile>
    <ClCompile Include="ClienteNormal.cpp">
      <Filter>Source Files</Filter>
    </ClCompile>
    <ClCompile Include="ClienteJuridico.cpp">
      <Filter>Source Files</Filter>
    </ClCompile>
    <ClCompile Include="Plantel.cpp">
      <Filter>Source Files</Filter>
    </ClCompile>
    <ClCompile Include="ContenedorClientes.cpp">
      <Filter>Source Files</Filter>
    </ClCompile>
    <ClCompile Include="Colaborador.cpp">
      <Filter>Source Files</Filter>
    </ClCompile>
    <ClCompile Include="ContenedorColaboradores.cpp">
      <Filter>Source Files</Filter>
    </ClCompile>
    <ClCompile Include="SolicitudAlquiler.cpp">
      <Filter>Source Files</Filter>
    </ClCompile>
    <ClCompile Include="ContratoAlquiler.cpp">
      <Filter>Source Files</Filter>
    </ClCompile>
    <ClCompile Include="EspacioEstacionamiento.cpp">
      <Filter>Source Files</Filter>
    </ClCompile>
    <ClCompile Include="BitacoraEstadosDelCarro.cpp">
      <Filter>Source Files</Filter>
    </ClCompile>
    <ClCompile Include="ContenedorPlanteles.cpp">
      <Filter>Source Files</Filter>
    </ClCompile>
    <ClCompile Include="HistorialCliente.cpp">
      <Filter>Source Files</Filter>
    </ClCompile>
    <ClCompile Include="NodoCliente.cpp">
      <Filter>Source Files</Filter>
    </ClCompile>
    <ClCompile Include="NodoColaborador.cpp">
      <Filter>Source Files</Filter>
    </ClCompile>
    <ClCompile Include="NodoPlantel.cpp">
      <Filter>Source Files</Filter>
    </ClCompile>
    <ClCompile Include="NodoSucursal.cpp">
      <Filter>Source Files</Filter>
    </ClCompile>
    <ClCompile Include="NodoSolicitudAlquiler.cpp">
      <Filter>Source Files</Filter>
    </ClCompile>
    <ClCompile Include="NodoContratoAlquiler.cpp">
      <Filter>Source Files</Filter>
    </ClCompile>
    <ClCompile Include="ContenedorContratoAlquiler.cpp">
      <Filter>Source Files</Filter>
    </ClCompile>
    <ClCompile Include="ContenedorSolicitudAlquiler.cpp">
      <Filter>Source Files</Filter>
    </ClCompile>
    <ClCompile Include="Interfaz.cpp">
      <Filter>Source Files</Filter>
    </ClCompile>
    <ClCompile Include="ContenedorBitacoras.cpp">
      <Filter>Source Files</Filter>
    </ClCompile>
    <ClCompile Include="ContenedorCarros.cpp">
      <Filter>Source Files</Filter>
    </ClCompile>
    <ClCompile Include="NodoCarro.cpp">
      <Filter>Source Files</Filter>
    </ClCompile>
    <ClCompile Include="NodoBitacorasEstadoDelCarro.cpp">
      <Filter>Source Files</Filter>
    </ClCompile>
  </ItemGroup>
  <ItemGroup>
    <ClInclude Include="ContenedorSucursal.h">
      <Filter>Header Files</Filter>
    </ClInclude>
    <ClInclude Include="Sucursal.h">
      <Filter>Header Files</Filter>
    </ClInclude>
    <ClInclude Include="Carro.h">
      <Filter>Header Files</Filter>
    </ClInclude>
    <ClInclude Include="Cliente.h">
      <Filter>Header Files</Filter>
    </ClInclude>
    <ClInclude Include="ClienteNormal.h">
      <Filter>Header Files</Filter>
    </ClInclude>
    <ClInclude Include="ClienteJuridico.h">
      <Filter>Header Files</Filter>
    </ClInclude>
    <ClInclude Include="Plantel.h">
      <Filter>Header Files</Filter>
    </ClInclude>
    <ClInclude Include="ContenedorClientes.h">
      <Filter>Header Files</Filter>
    </ClInclude>
    <ClInclude Include="Colaborador.h">
      <Filter>Header Files</Filter>
    </ClInclude>
    <ClInclude Include="ContenedorColaboradores.h">
      <Filter>Header Files</Filter>
    </ClInclude>
    <ClInclude Include="SolicitudAlquiler.h">
      <Filter>Header Files</Filter>
    </ClInclude>
    <ClInclude Include="ContratoAlquiler.h">
      <Filter>Header Files</Filter>
    </ClInclude>
    <ClInclude Include="EspacioEstacionamiento.h">
      <Filter>Header Files</Filter>
    </ClInclude>
    <ClInclude Include="BitacoraEstadosDelCarro.h">
      <Filter>Header Files</Filter>
    </ClInclude>
    <ClInclude Include="ContenedorPlanteles.h">
      <Filter>Header Files</Filter>
    </ClInclude>
    <ClInclude Include="HistorialCliente.h">
      <Filter>Header Files</Filter>
    </ClInclude>
    <ClInclude Include="NodoCliente.h">
      <Filter>Header Files</Filter>
    </ClInclude>
    <ClInclude Include="NodoColaborador.h">
      <Filter>Header Files</Filter>
    </ClInclude>
    <ClInclude Include="NodoPlantel.h">
      <Filter>Header Files</Filter>
    </ClInclude>
    <ClInclude Include="NodoSucursal.h">
      <Filter>Header Files</Filter>
    </ClInclude>
    <ClInclude Include="NodoSolicitudAlquiler.h">
      <Filter>Header Files</Filter>
    </ClInclude>
    <ClInclude Include="NodoContratoAlquiler.h">
      <Filter>Header Files</Filter>
    </ClInclude>
    <ClInclude Include="ContenedorContratoAlquiler.h">
      <Filter>Header Files</Filter>
    </ClInclude>
    <ClInclude Include="ContenedorSolicitudAlquiler.h">
      <Filter>Header Files</Filter>
    </ClInclude>
    <ClInclude Include="Interfaz.h">
      <Filter>Header Files</Filter>
    </ClInclude>
    <ClInclude Include="ContenedorBitacoras.h">
      <Filter>Header Files</Filter>
    </ClInclude>
    <ClInclude Include="ContenedorCarros.h">
      <Filter>Header Files</Filter>
    </ClInclude>
    <ClInclude Include="NodoCarro.h">
      <Filter>Header Files</Filter>
    </ClInclude>
    <ClInclude Include="NodoBitacorasEstadoDelCarro.h">
      <Filter>Header Files</Filter>
    </ClInclude>
  </ItemGroup>
</Project>